
Microsoft Visual Studio Solution File, Format Version 12.00
# Visual Studio Version 16
VisualStudioVersion = 16.0.30517.126
MinimumVisualStudioVersion = 10.0.40219.1
Project("{FAE04EC0-301F-11D3-BF4B-00C04F79EFBC}") = "TestGitHub", "TestGitHub\TestGitHub.csproj", "{39AB529E-D343-4CC4-A257-44CBC75A1D2E}"
EndProject
Global
	GlobalSection(SolutionConfigurationPlatforms) = preSolution
		Debug|Any CPU = Debug|Any CPU
		Release|Any CPU = Release|Any CPU
	EndGlobalSection
	GlobalSection(ProjectConfigurationPlatforms) = postSolution
		{39AB529E-D343-4CC4-A257-44CBC75A1D2E}.Debug|Any CPU.ActiveCfg = Debug|Any CPU
		{39AB529E-D343-4CC4-A257-44CBC75A1D2E}.Debug|Any CPU.Build.0 = Debug|Any CPU
		{39AB529E-D343-4CC4-A257-44CBC75A1D2E}.Release|Any CPU.ActiveCfg = Release|Any CPU
		{39AB529E-D343-4CC4-A257-44CBC75A1D2E}.Release|Any CPU.Build.0 = Release|Any CPU
	EndGlobalSection
	GlobalSection(SolutionProperties) = preSolution
		HideSolutionNode = FALSE
	EndGlobalSection
	GlobalSection(ExtensibilityGlobals) = postSolution
		SolutionGuid = {74DE9D9A-F4C1-4A84-84A9-BF233F80AA9C}
	EndGlobalSection
EndGlobal
